{
  "name": "@thant-dev/ciphersuite",
  "version": "1.0.0",
  "lockfileVersion": 3,
  "requires": true,
  "packages": {
    "": {
      "name": "@thant-dev/ciphersuite",
      "version": "1.0.0",
      "license": "MIT",
      "dependencies": {
        "@noble/secp256k1": "^1.0.0"
      }
    },
    "node_modules/@noble/secp256k1": {
      "version": "1.7.1",
      "resolved": "https://registry.npmjs.org/@noble/secp256k1/-/secp256k1-1.7.1.tgz",
      "integrity": "sha512-hOUk6AyBFmqVrv7k5WAw/LpszxVbj9gGN4JRkIX52fdFAj1UA61KXmZDvqVEm+pOyec3+fIeZB02LYa/pWOArw==",
      "funding": [
        {
          "type": "individual",
          "url": "https://paulmillr.com/funding/"
        }
      ]
    },
    "node_modules/@thant-dev/ciphersuite": {
      "version": "1.0.0",
      "resolved": "https://registry.npmjs.org/@thant-dev/ciphersuite/-/ciphersuite-1.0.0.tgz",
      "integrity": "sha512-aCc2XYRx+LN2oZxbvyWV+r39y77Zl5WgiU/odYekBWoYoYwmmp1RUm3X+I5et4H+LD1BmDyNqnFdQahjDq+CXw==",
      "dependencies": {
        "@noble/secp256k1": "^1.0.0"
      }
    }
  }
}
